
Microsoft Visual Studio Solution File, Format Version 12.00
# Visual Studio Version 16
VisualStudioVersion = 16.0.30804.86
MinimumVisualStudioVersion = 10.0.40219.1
Project("{9A19103F-16F7-4668-BE54-9A1E7A4F7556}") = "Matematica.Test", "Matematica.Test\Matematica.Test.csproj", "{EE29EF44-5E55-427C-830C-A270AD96426D}"
EndProject
Project("{9A19103F-16F7-4668-BE54-9A1E7A4F7556}") = "Matematica", "Matematica\Matematica.csproj", "{4960A542-03D4-4BEC-9782-11B06A82F47C}"
EndProject
Global
	GlobalSection(SolutionConfigurationPlatforms) = preSolution
		Debug|Any CPU = Debug|Any CPU
		Release|Any CPU = Release|Any CPU
	EndGlobalSection
	GlobalSection(ProjectConfigurationPlatforms) = postSolution
		{EE29EF44-5E55-427C-830C-A270AD96426D}.Debug|Any CPU.ActiveCfg = Debug|Any CPU
		{EE29EF44-5E55-427C-830C-A270AD96426D}.Debug|Any CPU.Build.0 = Debug|Any CPU
		{EE29EF44-5E55-427C-830C-A270AD96426D}.Release|Any CPU.ActiveCfg = Release|Any CPU
		{EE29EF44-5E55-427C-830C-A270AD96426D}.Release|Any CPU.Build.0 = Release|Any CPU
		{4960A542-03D4-4BEC-9782-11B06A82F47C}.Debug|Any CPU.ActiveCfg = Debug|Any CPU
		{4960A542-03D4-4BEC-9782-11B06A82F47C}.Debug|Any CPU.Build.0 = Debug|Any CPU
		{4960A542-03D4-4BEC-9782-11B06A82F47C}.Release|Any CPU.ActiveCfg = Release|Any CPU
		{4960A542-03D4-4BEC-9782-11B06A82F47C}.Release|Any CPU.Build.0 = Release|Any CPU
	EndGlobalSection
	GlobalSection(SolutionProperties) = preSolution
		HideSolutionNode = FALSE
	EndGlobalSection
	GlobalSection(ExtensibilityGlobals) = postSolution
		SolutionGuid = {F30127F2-CC23-4F1E-9A71-5A57638FEF22}
	EndGlobalSection
EndGlobal
